{
  "originHash" : "e3d0c5f92c0a2d70144a1fc1f365fba7134470f4c1c17cee8c7a1ea064c92987",
  "pins" : [
    {
      "identity" : "alamofire",
      "kind" : "remoteSourceControl",
      "location" : "https://github.com/Alamofire/Alamofire",
      "state" : {
        "revision" : "e938f8c66708e7352fc7e3512647fa54255b267a",
        "version" : "5.11.2"
      }
    },
    {
      "identity" : "anycodable",
      "kind" : "remoteSourceControl",
      "location" : "https://github.com/Flight-School/AnyCodable",
      "state" : {
        "revision" : "862808b2070cd908cb04f9aafe7de83d35f81b05",
        "version" : "0.6.7"
      }
    },
    {
      "identity" : "aria2kit",
      "kind" : "remoteSourceControl",
      "location" : "https://github.com/baptistecdr/Aria2Kit",
      "state" : {
        "revision" : "e3c84747f477a41e7028b6e66f8f2097d169344f",
        "version" : "1.0.5"
      }
    }
  ],
  "version" : 3
}
